
Microsoft Visual Studio Solution File, Format Version 12.00
# Visual Studio Version 17
VisualStudioVersion = 17.8.34408.163
MinimumVisualStudioVersion = 10.0.40219.1
Project("{FAE04EC0-301F-11D3-BF4B-00C04F79EFBC}") = "PathConvert", "PathConvert.csproj", "{BF5834FB-9E7A-48CD-966B-3A91726C641F}"
EndProject
Global
	GlobalSection(SolutionConfigurationPlatforms) = preSolution
		Debug|Any CPU = Debug|Any CPU
		Release|Any CPU = Release|Any CPU
	EndGlobalSection
	GlobalSection(ProjectConfigurationPlatforms) = postSolution
		{BF5834FB-9E7A-48CD-966B-3A91726C641F}.Debug|Any CPU.ActiveCfg = Debug|Any CPU
		{BF5834FB-9E7A-48CD-966B-3A91726C641F}.Debug|Any CPU.Build.0 = Debug|Any CPU
		{BF5834FB-9E7A-48CD-966B-3A91726C641F}.Release|Any CPU.ActiveCfg = Release|Any CPU
		{BF5834FB-9E7A-48CD-966B-3A91726C641F}.Release|Any CPU.Build.0 = Release|Any CPU
	EndGlobalSection
	GlobalSection(SolutionProperties) = preSolution
		HideSolutionNode = FALSE
	EndGlobalSection
	GlobalSection(ExtensibilityGlobals) = postSolution
		SolutionGuid = {6D8D7AAA-D8AF-475E-807D-CD790ABFF5F1}
	EndGlobalSection
EndGlobal
